
Microsoft Visual Studio Solution File, Format Version 12.00
# Visual Studio Version 17
VisualStudioVersion = 17.0.31903.59
MinimumVisualStudioVersion = 10.0.40219.1
Project("{FAE04EC0-301F-11D3-BF4B-00C04F79EFBC}") = "Ecommerce.Api", "Ecommerce.Api\Ecommerce.Api.csproj", "{0C261EDE-93CD-4F55-A689-6377EAF77B10}"
EndProject
Project("{FAE04EC0-301F-11D3-BF4B-00C04F79EFBC}") = "Ecommerce.Domain", "Ecommerce.Domain\Ecommerce.Domain.csproj", "{B9DEB46A-73B9-4BEA-B0CB-40E32F0CE4DF}"
EndProject
Project("{FAE04EC0-301F-11D3-BF4B-00C04F79EFBC}") = "Ecommerce.Application", "Ecommerce.Application\Ecommerce.Application.csproj", "{B75CD59F-DD75-4210-BDD4-6E2316C21EC3}"
EndProject
Project("{FAE04EC0-301F-11D3-BF4B-00C04F79EFBC}") = "Ecommerce.Infrastructure", "Ecommerce.Infrastructure\Ecommerce.Infrastructure.csproj", "{6C260EDB-DC06-4C96-AEA6-A63B445792EE}"
EndProject
Project("{FAE04EC0-301F-11D3-BF4B-00C04F79EFBC}") = "Ecommerce.Shared", "Ecommerce.Shared\Ecommerce.Shared.csproj", "{8ABCE2F4-3D1A-4EDE-84B6-DD929784A56B}"
EndProject
Global
	GlobalSection(SolutionConfigurationPlatforms) = preSolution
		Debug|Any CPU = Debug|Any CPU
		Debug|x64 = Debug|x64
		Debug|x86 = Debug|x86
		Release|Any CPU = Release|Any CPU
		Release|x64 = Release|x64
		Release|x86 = Release|x86
	EndGlobalSection
	GlobalSection(ProjectConfigurationPlatforms) = postSolution
		{0C261EDE-93CD-4F55-A689-6377EAF77B10}.Debug|Any CPU.ActiveCfg = Debug|Any CPU
		{0C261EDE-93CD-4F55-A689-6377EAF77B10}.Debug|Any CPU.Build.0 = Debug|Any CPU
		{0C261EDE-93CD-4F55-A689-6377EAF77B10}.Debug|x64.ActiveCfg = Debug|Any CPU
		{0C261EDE-93CD-4F55-A689-6377EAF77B10}.Debug|x64.Build.0 = Debug|Any CPU
		{0C261EDE-93CD-4F55-A689-6377EAF77B10}.Debug|x86.ActiveCfg = Debug|Any CPU
		{0C261EDE-93CD-4F55-A689-6377EAF77B10}.Debug|x86.Build.0 = Debug|Any CPU
		{0C261EDE-93CD-4F55-A689-6377EAF77B10}.Release|Any CPU.ActiveCfg = Release|Any CPU
		{0C261EDE-93CD-4F55-A689-6377EAF77B10}.Release|Any CPU.Build.0 = Release|Any CPU
		{0C261EDE-93CD-4F55-A689-6377EAF77B10}.Release|x64.ActiveCfg = Release|Any CPU
		{0C261EDE-93CD-4F55-A689-6377EAF77B10}.Release|x64.Build.0 = Release|Any CPU
		{0C261EDE-93CD-4F55-A689-6377EAF77B10}.Release|x86.ActiveCfg = Release|Any CPU
		{0C261EDE-93CD-4F55-A689-6377EAF77B10}.Release|x86.Build.0 = Release|Any CPU
		{B9DEB46A-73B9-4BEA-B0CB-40E32F0CE4DF}.Debug|Any CPU.ActiveCfg = Debug|Any CPU
		{B9DEB46A-73B9-4BEA-B0CB-40E32F0CE4DF}.Debug|Any CPU.Build.0 = Debug|Any CPU
		{B9DEB46A-73B9-4BEA-B0CB-40E32F0CE4DF}.Debug|x64.ActiveCfg = Debug|Any CPU
		{B9DEB46A-73B9-4BEA-B0CB-40E32F0CE4DF}.Debug|x64.Build.0 = Debug|Any CPU
		{B9DEB46A-73B9-4BEA-B0CB-40E32F0CE4DF}.Debug|x86.ActiveCfg = Debug|Any CPU
		{B9DEB46A-73B9-4BEA-B0CB-40E32F0CE4DF}.Debug|x86.Build.0 = Debug|Any CPU
		{B9DEB46A-73B9-4BEA-B0CB-40E32F0CE4DF}.Release|Any CPU.ActiveCfg = Release|Any CPU
		{B9DEB46A-73B9-4BEA-B0CB-40E32F0CE4DF}.Release|Any CPU.Build.0 = Release|Any CPU
		{B9DEB46A-73B9-4BEA-B0CB-40E32F0CE4DF}.Release|x64.ActiveCfg = Release|Any CPU
		{B9DEB46A-73B9-4BEA-B0CB-40E32F0CE4DF}.Release|x64.Build.0 = Release|Any CPU
		{B9DEB46A-73B9-4BEA-B0CB-40E32F0CE4DF}.Release|x86.ActiveCfg = Release|Any CPU
		{B9DEB46A-73B9-4BEA-B0CB-40E32F0CE4DF}.Release|x86.Build.0 = Release|Any CPU
		{B75CD59F-DD75-4210-BDD4-6E2316C21EC3}.Debug|Any CPU.ActiveCfg = Debug|Any CPU
		{B75CD59F-DD75-4210-BDD4-6E2316C21EC3}.Debug|Any CPU.Build.0 = Debug|Any CPU
		{B75CD59F-DD75-4210-BDD4-6E2316C21EC3}.Debug|x64.ActiveCfg = Debug|Any CPU
		{B75CD59F-DD75-4210-BDD4-6E2316C21EC3}.Debug|x64.Build.0 = Debug|Any CPU
		{B75CD59F-DD75-4210-BDD4-6E2316C21EC3}.Debug|x86.ActiveCfg = Debug|Any CPU
		{B75CD59F-DD75-4210-BDD4-6E2316C21EC3}.Debug|x86.Build.0 = Debug|Any CPU
		{B75CD59F-DD75-4210-BDD4-6E2316C21EC3}.Release|Any CPU.ActiveCfg = Release|Any CPU
		{B75CD59F-DD75-4210-BDD4-6E2316C21EC3}.Release|Any CPU.Build.0 = Release|Any CPU
		{B75CD59F-DD75-4210-BDD4-6E2316C21EC3}.Release|x64.ActiveCfg = Release|Any CPU
		{B75CD59F-DD75-4210-BDD4-6E2316C21EC3}.Release|x64.Build.0 = Release|Any CPU
		{B75CD59F-DD75-4210-BDD4-6E2316C21EC3}.Release|x86.ActiveCfg = Release|Any CPU
		{B75CD59F-DD75-4210-BDD4-6E2316C21EC3}.Release|x86.Build.0 = Release|Any CPU
		{6C260EDB-DC06-4C96-AEA6-A63B445792EE}.Debug|Any CPU.ActiveCfg = Debug|Any CPU
		{6C260EDB-DC06-4C96-AEA6-A63B445792EE}.Debug|Any CPU.Build.0 = Debug|Any CPU
		{6C260EDB-DC06-4C96-AEA6-A63B445792EE}.Debug|x64.ActiveCfg = Debug|Any CPU
		{6C260EDB-DC06-4C96-AEA6-A63B445792EE}.Debug|x64.Build.0 = Debug|Any CPU
		{6C260EDB-DC06-4C96-AEA6-A63B445792EE}.Debug|x86.ActiveCfg = Debug|Any CPU
		{6C260EDB-DC06-4C96-AEA6-A63B445792EE}.Debug|x86.Build.0 = Debug|Any CPU
		{6C260EDB-DC06-4C96-AEA6-A63B445792EE}.Release|Any CPU.ActiveCfg = Release|Any CPU
		{6C260EDB-DC06-4C96-AEA6-A63B445792EE}.Release|Any CPU.Build.0 = Release|Any CPU
		{6C260EDB-DC06-4C96-AEA6-A63B445792EE}.Release|x64.ActiveCfg = Release|Any CPU
		{6C260EDB-DC06-4C96-AEA6-A63B445792EE}.Release|x64.Build.0 = Release|Any CPU
		{6C260EDB-DC06-4C96-AEA6-A63B445792EE}.Release|x86.ActiveCfg = Release|Any CPU
		{6C260EDB-DC06-4C96-AEA6-A63B445792EE}.Release|x86.Build.0 = Release|Any CPU
		{8ABCE2F4-3D1A-4EDE-84B6-DD929784A56B}.Debug|Any CPU.ActiveCfg = Debug|Any CPU
		{8ABCE2F4-3D1A-4EDE-84B6-DD929784A56B}.Debug|Any CPU.Build.0 = Debug|Any CPU
		{8ABCE2F4-3D1A-4EDE-84B6-DD929784A56B}.Debug|x64.ActiveCfg = Debug|Any CPU
		{8ABCE2F4-3D1A-4EDE-84B6-DD929784A56B}.Debug|x64.Build.0 = Debug|Any CPU
		{8ABCE2F4-3D1A-4EDE-84B6-DD929784A56B}.Debug|x86.ActiveCfg = Debug|Any CPU
		{8ABCE2F4-3D1A-4EDE-84B6-DD929784A56B}.Debug|x86.Build.0 = Debug|Any CPU
		{8ABCE2F4-3D1A-4EDE-84B6-DD929784A56B}.Release|Any CPU.ActiveCfg = Release|Any CPU
		{8ABCE2F4-3D1A-4EDE-84B6-DD929784A56B}.Release|Any CPU.Build.0 = Release|Any CPU
		{8ABCE2F4-3D1A-4EDE-84B6-DD929784A56B}.Release|x64.ActiveCfg = Release|Any CPU
		{8ABCE2F4-3D1A-4EDE-84B6-DD929784A56B}.Release|x64.Build.0 = Release|Any CPU
		{8ABCE2F4-3D1A-4EDE-84B6-DD929784A56B}.Release|x86.ActiveCfg = Release|Any CPU
		{8ABCE2F4-3D1A-4EDE-84B6-DD929784A56B}.Release|x86.Build.0 = Release|Any CPU
	EndGlobalSection
	GlobalSection(SolutionProperties) = preSolution
		HideSolutionNode = FALSE
	EndGlobalSection
EndGlobal
